// !$*UTF8*$!
{
	archiveVersion = 1;
	classes = {
	};
	objectVersion = 55;
	objects = {

/* Begin PBXBuildFile section */
		C2F35C9B28604C810036AD0D /* AppDelegate.swift in Sources */ = {isa = PBXBuildFile; fileRef = C2F35C9A28604C810036AD0D /* AppDelegate.swift */; };
		C2F35C9D28604C810036AD0D /* SceneDelegate.swift in Sources */ = {isa = PBXBuildFile; fileRef = C2F35C9C28604C810036AD0D /* SceneDelegate.swift */; };
		C2F35C9F28604C810036AD0D /* ViewController.swift in Sources */ = {isa = PBXBuildFile; fileRef = C2F35C9E28604C810036AD0D /* ViewController.swift */; };
		C2F35CA228604C810036AD0D /* Main.storyboard in Resources */ = {isa = PBXBuildFile; fileRef = C2F35CA028604C810036AD0D /* Main.storyboard */; };
		C2F35CA428604C830036AD0D /* Assets.xcassets in Resources */ = {isa = PBXBuildFile; fileRef = C2F35CA328604C830036AD0D /* Assets.xcassets */; };
		C2F35CA728604C830036AD0D /* LaunchScreen.storyboard in Resources */ = {isa = PBXBuildFile; fileRef = C2F35CA528604C830036AD0D /* LaunchScreen.storyboard */; };
		C2F35CB228604C830036AD0D /* ChessGameTests.swift in Sources */ = {isa = PBXBuildFile; fileRef = C2F35CB128604C830036AD0D /* ChessGameTests.swift */; };
		C2F35CBC28604C830036AD0D /* ChessGameUITests.swift in Sources */ = {isa = PBXBuildFile; fileRef = C2F35CBB28604C830036AD0D /* ChessGameUITests.swift */; };
		C2F35CBE28604C830036AD0D /* ChessGameUITestsLaunchTests.swift in Sources */ = {isa = PBXBuildFile; fileRef = C2F35CBD28604C830036AD0D /* ChessGameUITestsLaunchTests.swift */; };
/* End PBXBuildFile section */

/* Begin PBXContainerItemProxy section */
		C2F35CAE28604C830036AD0D /* PBXContainerItemProxy */ = {
			isa = PBXContainerItemProxy;
			containerPortal = C2F35C8F28604C810036AD0D /* Project object */;
			proxyType = 1;
			remoteGlobalIDString = C2F35C9628604C810036AD0D;
			remoteInfo = ChessGame;
		};
		C2F35CB828604C830036AD0D /* PBXContainerItemProxy */ = {
			isa = PBXContainerItemProxy;
			containerPortal = C2F35C8F28604C810036AD0D /* Project object */;
			proxyType = 1;
			remoteGlobalIDString = C2F35C9628604C810036AD0D;
			remoteInfo = ChessGame;
		};
/* End PBXContainerItemProxy section */

/* Begin PBXFileReference section */
		C2F35C9728604C810036AD0D /* ChessGame.app */ = {isa = PBXFileReference; explicitFileType = wrapper.application; includeInIndex = 0; path = ChessGame.app; sourceTree = BUILT_PRODUCTS_DIR; };
		C2F35C9A28604C810036AD0D /* AppDelegate.swift */ = {isa = PBXFileReference; lastKnownFileType = sourcecode.swift; path = AppDelegate.swift; sourceTree = "<group>"; };
		C2F35C9C28604C810036AD0D /* SceneDelegate.swift */ = {isa = PBXFileReference; lastKnownFileType = sourcecode.swift; path = SceneDelegate.swift; sourceTree = "<group>"; };
		C2F35C9E28604C810036AD0D /* ViewController.swift */ = {isa = PBXFileReference; lastKnownFileType = sourcecode.swift; path = ViewController.swift; sourceTree = "<group>"; };
		C2F35CA128604C810036AD0D /* Base */ = {isa = PBXFileReference; lastKnownFileType = file.storyboard; name = Base; path = Base.lproj/Main.storyboard; sourceTree = "<group>"; };
		C2F35CA328604C830036AD0D /* Assets.xcassets */ = {isa = PBXFileReference; lastKnownFileType = folder.assetcatalog; path = Assets.xcassets; sourceTree = "<group>"; };
		C2F35CA628604C830036AD0D /* Base */ = {isa = PBXFileReference; lastKnownFileType = file.storyboard; name = Base; path = Base.lproj/LaunchScreen.storyboard; sourceTree = "<group>"; };
		C2F35CA828604C830036AD0D /* Info.plist */ = {isa = PBXFileReference; lastKnownFileType = text.plist.xml; path = Info.plist; sourceTree = "<group>"; };
		C2F35CAD28604C830036AD0D /* ChessGameTests.xctest */ = {isa = PBXFileReference; explicitFileType = wrapper.cfbundle; includeInIndex = 0; path = ChessGameTests.xctest; sourceTree = BUILT_PRODUCTS_DIR; };
		C2F35CB128604C830036AD0D /* ChessGameTests.swift */ = {isa = PBXFileReference; lastKnownFileType = sourcecode.swift; path = ChessGameTests.swift; sourceTree = "<group>"; };
		C2F35CB728604C830036AD0D /* ChessGameUITests.xctest */ = {isa = PBXFileReference; explicitFileType = wrapper.cfbundle; includeInIndex = 0; path = ChessGameUITests.xctest; sourceTree = BUILT_PRODUCTS_DIR; };
		C2F35CBB28604C830036AD0D /* ChessGameUITests.swift */ = {isa = PBXFileReference; lastKnownFileType = sourcecode.swift; path = ChessGameUITests.swift; sourceTree = "<group>"; };
		C2F35CBD28604C830036AD0D /* ChessGameUITestsLaunchTests.swift */ = {isa = PBXFileReference; lastKnownFileType = sourcecode.swift; path = ChessGameUITestsLaunchTests.swift; sourceTree = "<group>"; };
/* End PBXFileReference section */

/* Begin PBXFrameworksBuildPhase section */
		C2F35C9428604C810036AD0D /* Frameworks */ = {
			isa = PBXFrameworksBuildPhase;
			buildActionMask = 2147483647;
			files = (
			);
			runOnlyForDeploymentPostprocessing = 0;
		};
		C2F35CAA28604C830036AD0D /* Frameworks */ = {
			isa = PBXFrameworksBuildPhase;
			buildActionMask = 2147483647;
			files = (
			);
			runOnlyForDeploymentPostprocessing = 0;
		};
		C2F35CB428604C830036AD0D /* Frameworks */ = {
			isa = PBXFrameworksBuildPhase;
			buildActionMask = 2147483647;
			files = (
			);
			runOnlyForDeploymentPostprocessing = 0;
		};
/* End PBXFrameworksBuildPhase section */

/* Begin PBXGroup section */
		C2F35C8E28604C810036AD0D = {
			isa = PBXGroup;
			children = (
				C2F35C9928604C810036AD0D /* ChessGame */,
				C2F35CB028604C830036AD0D /* ChessGameTests */,
				C2F35CBA28604C830036AD0D /* ChessGameUITests */,
				C2F35C9828604C810036AD0D /* Products */,
			);
			sourceTree = "<group>";
		};
		C2F35C9828604C810036AD0D /* Products */ = {
			isa = PBXGroup;
			children = (
				C2F35C9728604C810036AD0D /* ChessGame.app */,
				C2F35CAD28604C830036AD0D /* ChessGameTests.xctest */,
				C2F35CB728604C830036AD0D /* ChessGameUITests.xctest */,
			);
			name = Products;
			sourceTree = "<group>";
		};
		C2F35C9928604C810036AD0D /* ChessGame */ = {
			isa = PBXGroup;
			children = (
				C2F35C9A28604C810036AD0D /* AppDelegate.swift */,
				C2F35C9C28604C810036AD0D /* SceneDelegate.swift */,
				C2F35C9E28604C810036AD0D /* ViewController.swift */,
				C2F35CA028604C810036AD0D /* Main.storyboard */,
				C2F35CA328604C830036AD0D /* Assets.xcassets */,
				C2F35CA528604C830036AD0D /* LaunchScreen.storyboard */,
				C2F35CA828604C830036AD0D /* Info.plist */,
			);
			path = ChessGame;
			sourceTree = "<group>";
		};
		C2F35CB028604C830036AD0D /* ChessGameTests */ = {
			isa = PBXGroup;
			children = (
				C2F35CB128604C830036AD0D /* ChessGameTests.swift */,
			);
			path = ChessGameTests;
			sourceTree = "<group>";
		};
		C2F35CBA28604C830036AD0D /* ChessGameUITests */ = {
			isa = PBXGroup;
			children = (
				C2F35CBB28604C830036AD0D /* ChessGameUITests.swift */,
				C2F35CBD28604C830036AD0D /* ChessGameUITestsLaunchTests.swift */,
			);
			path = ChessGameUITests;
			sourceTree = "<group>";
		};
/* End PBXGroup section */

/* Begin PBXNativeTarget section */
		C2F35C9628604C810036AD0D /* ChessGame */ = {
			isa = PBXNativeTarget;
			buildConfigurationList = C2F35CC128604C830036AD0D /* Build configuration list for PBXNativeTarget "ChessGame" */;
			buildPhases = (
				C2F35C9328604C810036AD0D /* Sources */,
				C2F35C9428604C810036AD0D /* Frameworks */,
				C2F35C9528604C810036AD0D /* Resources */,
			);
			buildRules = (
			);
			dependencies = (
			);
			name = ChessGame;
			productName = ChessGame;
			productReference = C2F35C9728604C810036AD0D /* ChessGame.app */;
			productType = "com.apple.product-type.application";
		};
		C2F35CAC28604C830036AD0D /* ChessGameTests */ = {
			isa = PBXNativeTarget;
			buildConfigurationList = C2F35CC428604C830036AD0D /* Build configuration list for PBXNativeTarget "ChessGameTests" */;
			buildPhases = (
				C2F35CA928604C830036AD0D /* Sources */,
				C2F35CAA28604C830036AD0D /* Frameworks */,
				C2F35CAB28604C830036AD0D /* Resources */,
			);
			buildRules = (
			);
			dependencies = (
				C2F35CAF28604C830036AD0D /* PBXTargetDependency */,
			);
			name = ChessGameTests;
			productName = ChessGameTests;
			productReference = C2F35CAD28604C830036AD0D /* ChessGameTests.xctest */;
			productType = "com.apple.product-type.bundle.unit-test";
		};
		C2F35CB628604C830036AD0D /* ChessGameUITests */ = {
			isa = PBXNativeTarget;
			buildConfigurationList = C2F35CC728604C830036AD0D /* Build configuration list for PBXNativeTarget "ChessGameUITests" */;
			buildPhases = (
				C2F35CB328604C830036AD0D /* Sources */,
				C2F35CB428604C830036AD0D /* Frameworks */,
				C2F35CB528604C830036AD0D /* Resources */,
			);
			buildRules = (
			);
			dependencies = (
				C2F35CB928604C830036AD0D /* PBXTargetDependency */,
			);
			name = ChessGameUITests;
			productName = ChessGameUITests;
			productReference = C2F35CB728604C830036AD0D /* ChessGameUITests.xctest */;
			productType = "com.apple.product-type.bundle.ui-testing";
		};
/* End PBXNativeTarget section */

/* Begin PBXProject section */
		C2F35C8F28604C810036AD0D /* Project object */ = {
			isa = PBXProject;
			attributes = {
				BuildIndependentTargetsInParallel = 1;
				LastSwiftUpdateCheck = 1330;
				LastUpgradeCheck = 1330;
				TargetAttributes = {
					C2F35C9628604C810036AD0D = {
						CreatedOnToolsVersion = 13.3.1;
					};
					C2F35CAC28604C830036AD0D = {
						CreatedOnToolsVersion = 13.3.1;
						TestTargetID = C2F35C9628604C810036AD0D;
					};
					C2F35CB628604C830036AD0D = {
						CreatedOnToolsVersion = 13.3.1;
						TestTargetID = C2F35C9628604C810036AD0D;
					};
				};
			};
			buildConfigurationList = C2F35C9228604C810036AD0D /* Build configuration list for PBXProject "ChessGame" */;
			compatibilityVersion = "Xcode 13.0";
			developmentRegion = en;
			hasScannedForEncodings = 0;
			knownRegions = (
				en,
				Base,
			);
			mainGroup = C2F35C8E28604C810036AD0D;
			productRefGroup = C2F35C9828604C810036AD0D /* Products */;
			projectDirPath = "";
			projectRoot = "";
			targets = (
				C2F35C9628604C810036AD0D /* ChessGame */,
				C2F35CAC28604C830036AD0D /* ChessGameTests */,
				C2F35CB628604C830036AD0D /* ChessGameUITests */,
			);
		};
/* End PBXProject section */

/* Begin PBXResourcesBuildPhase section */
		C2F35C9528604C810036AD0D /* Resources */ = {
			isa = PBXResourcesBuildPhase;
			buildActionMask = 2147483647;
			files = (
				C2F35CA728604C830036AD0D /* LaunchScreen.storyboard in Resources */,
				C2F35CA428604C830036AD0D /* Assets.xcassets in Resources */,
				C2F35CA228604C810036AD0D /* Main.storyboard in Resources */,
			);
			runOnlyForDeploymentPostprocessing = 0;
		};
		C2F35CAB28604C830036AD0D /* Resources */ = {
			isa = PBXResourcesBuildPhase;
			buildActionMask = 2147483647;
			files = (
			);
			runOnlyForDeploymentPostprocessing = 0;
		};
		C2F35CB528604C830036AD0D /* Resources */ = {
			isa = PBXResourcesBuildPhase;
			buildActionMask = 2147483647;
			files = (
			);
			runOnlyForDeploymentPostprocessing = 0;
		};
/* End PBXResourcesBuildPhase section */

/* Begin PBXSourcesBuildPhase section */
		C2F35C9328604C810036AD0D /* Sources */ = {
			isa = PBXSourcesBuildPhase;
			buildActionMask = 2147483647;
			files = (
				C2F35C9F28604C810036AD0D /* ViewController.swift in Sources */,
				C2F35C9B28604C810036AD0D /* AppDelegate.swift in Sources */,
				C2F35C9D28604C810036AD0D /* SceneDelegate.swift in Sources */,
			);
			runOnlyForDeploymentPostprocessing = 0;
		};
		C2F35CA928604C830036AD0D /* Sources */ = {
			isa = PBXSourcesBuildPhase;
			buildActionMask = 2147483647;
			files = (
				C2F35CB228604C830036AD0D /* ChessGameTests.swift in Sources */,
			);
			runOnlyForDeploymentPostprocessing = 0;
		};
		C2F35CB328604C830036AD0D /* Sources */ = {
			isa = PBXSourcesBuildPhase;
			buildActionMask = 2147483647;
			files = (
				C2F35CBC28604C830036AD0D /* ChessGameUITests.swift in Sources */,
				C2F35CBE28604C830036AD0D /* ChessGameUITestsLaunchTests.swift in Sources */,
			);
			runOnlyForDeploymentPostprocessing = 0;
		};
/* End PBXSourcesBuildPhase section */

/* Begin PBXTargetDependency section */
		C2F35CAF28604C830036AD0D /* PBXTargetDependency */ = {
			isa = PBXTargetDependency;
			target = C2F35C9628604C810036AD0D /* ChessGame */;
			targetProxy = C2F35CAE28604C830036AD0D /* PBXContainerItemProxy */;
		};
		C2F35CB928604C830036AD0D /* PBXTargetDependency */ = {
			isa = PBXTargetDependency;
			target = C2F35C9628604C810036AD0D /* ChessGame */;
			targetProxy = C2F35CB828604C830036AD0D /* PBXContainerItemProxy */;
		};
/* End PBXTargetDependency section */

/* Begin PBXVariantGroup section */
		C2F35CA028604C810036AD0D /* Main.storyboard */ = {
			isa = PBXVariantGroup;
			children = (
				C2F35CA128604C810036AD0D /* Base */,
			);
			name = Main.storyboard;
			sourceTree = "<group>";
		};
		C2F35CA528604C830036AD0D /* LaunchScreen.storyboard */ = {
			isa = PBXVariantGroup;
			children = (
				C2F35CA628604C830036AD0D /* Base */,
			);
			name = LaunchScreen.storyboard;
			sourceTree = "<group>";
		};
/* End PBXVariantGroup section */

/* Begin XCBuildConfiguration section */
		C2F35CBF28604C830036AD0D /* Debug */ = {
			isa = XCBuildConfiguration;
			buildSettings = {
				ALWAYS_SEARCH_USER_PATHS = NO;
				CLANG_ANALYZER_NONNULL = YES;
				CLANG_ANALYZER_NUMBER_OBJECT_CONVERSION = YES_AGGRESSIVE;
				CLANG_CXX_LANGUAGE_STANDARD = "gnu++17";
				CLANG_ENABLE_MODULES = YES;
				CLANG_ENABLE_OBJC_ARC = YES;
				CLANG_ENABLE_OBJC_WEAK = YES;
				CLANG_WARN_BLOCK_CAPTURE_AUTORELEASING = YES;
				CLANG_WARN_BOOL_CONVERSION = YES;
				CLANG_WARN_COMMA = YES;
				CLANG_WARN_CONSTANT_CONVERSION = YES;
				CLANG_WARN_DEPRECATED_OBJC_IMPLEMENTATIONS = YES;
				CLANG_WARN_DIRECT_OBJC_ISA_USAGE = YES_ERROR;
				CLANG_WARN_DOCUMENTATION_COMMENTS = YES;
				CLANG_WARN_EMPTY_BODY = YES;
				CLANG_WARN_ENUM_CONVERSION = YES;
				CLANG_WARN_INFINITE_RECURSION = YES;
				CLANG_WARN_INT_CONVERSION = YES;
				CLANG_WARN_NON_LITERAL_NULL_CONVERSION = YES;
				CLANG_WARN_OBJC_IMPLICIT_RETAIN_SELF = YES;
				CLANG_WARN_OBJC_LITERAL_CONVERSION = YES;
				CLANG_WARN_OBJC_ROOT_CLASS = YES_ERROR;
				CLANG_WARN_QUOTED_INCLUDE_IN_FRAMEWORK_HEADER = YES;
				CLANG_WARN_RANGE_LOOP_ANALYSIS = YES;
				CLANG_WARN_STRICT_PROTOTYPES = YES;
				CLANG_WARN_SUSPICIOUS_MOVE = YES;
				CLANG_WARN_UNGUARDED_AVAILABILITY = YES_AGGRESSIVE;
				CLANG_WARN_UNREACHABLE_CODE = YES;
				CLANG_WARN__DUPLICATE_METHOD_MATCH = YES;
				COPY_PHASE_STRIP = NO;
				DEBUG_INFORMATION_FORMAT = dwarf;
				ENABLE_STRICT_OBJC_MSGSEND = YES;
				ENABLE_TESTABILITY = YES;
				GCC_C_LANGUAGE_STANDARD = gnu11;
				GCC_DYNAMIC_NO_PIC = NO;
				GCC_NO_COMMON_BLOCKS = YES;
				GCC_OPTIMIZATION_LEVEL = 0;
				GCC_PREPROCESSOR_DEFINITIONS = (
					"DEBUG=1",
					"$(inherited)",
				);
				GCC_WARN_64_TO_32_BIT_CONVERSION = YES;
				GCC_WARN_ABOUT_RETURN_TYPE = YES_ERROR;
				GCC_WARN_UNDECLARED_SELECTOR = YES;
				GCC_WARN_UNINITIALIZED_AUTOS = YES_AGGRESSIVE;
				GCC_WARN_UNUSED_FUNCTION = YES;
				GCC_WARN_UNUSED_VARIABLE = YES;
				IPHONEOS_DEPLOYMENT_TARGET = 15.4;
				MTL_ENABLE_DEBUG_INFO = INCLUDE_SOURCE;
				MTL_FAST_MATH = YES;
				ONLY_ACTIVE_ARCH = YES;
				SDKROOT = iphoneos;
				SWIFT_ACTIVE_COMPILATION_CONDITIONS = DEBUG;
				SWIFT_OPTIMIZATION_LEVEL = "-Onone";
			};
			name = Debug;
		};
		C2F35CC028604C830036AD0D /* Release */ = {
			isa = XCBuildConfiguration;
			buildSettings = {
				ALWAYS_SEARCH_USER_PATHS = NO;
				CLANG_ANALYZER_NONNULL = YES;
				CLANG_ANALYZER_NUMBER_OBJECT_CONVERSION = YES_AGGRESSIVE;
				CLANG_CXX_LANGUAGE_STANDARD = "gnu++17";
				CLANG_ENABLE_MODULES = YES;
				CLANG_ENABLE_OBJC_ARC = YES;
				CLANG_ENABLE_OBJC_WEAK = YES;
				CLANG_WARN_BLOCK_CAPTURE_AUTORELEASING = YES;
				CLANG_WARN_BOOL_CONVERSION = YES;
				CLANG_WARN_COMMA = YES;
				CLANG_WARN_CONSTANT_CONVERSION = YES;
				CLANG_WARN_DEPRECATED_OBJC_IMPLEMENTATIONS = YES;
				CLANG_WARN_DIRECT_OBJC_ISA_USAGE = YES_ERROR;
				CLANG_WARN_DOCUMENTATION_COMMENTS = YES;
				CLANG_WARN_EMPTY_BODY = YES;
				CLANG_WARN_ENUM_CONVERSION = YES;
				CLANG_WARN_INFINITE_RECURSION = YES;
				CLANG_WARN_INT_CONVERSION = YES;
				CLANG_WARN_NON_LITERAL_NULL_CONVERSION = YES;
				CLANG_WARN_OBJC_IMPLICIT_RETAIN_SELF = YES;
				CLANG_WARN_OBJC_LITERAL_CONVERSION = YES;
				CLANG_WARN_OBJC_ROOT_CLASS = YES_ERROR;
				CLANG_WARN_QUOTED_INCLUDE_IN_FRAMEWORK_HEADER = YES;
				CLANG_WARN_RANGE_LOOP_ANALYSIS = YES;
				CLANG_WARN_STRICT_PROTOTYPES = YES;
				CLANG_WARN_SUSPICIOUS_MOVE = YES;
				CLANG_WARN_UNGUARDED_AVAILABILITY = YES_AGGRESSIVE;
				CLANG_WARN_UNREACHABLE_CODE = YES;
				CLANG_WARN__DUPLICATE_METHOD_MATCH = YES;
				COPY_PHASE_STRIP = NO;
				DEBUG_INFORMATION_FORMAT = "dwarf-with-dsym";
				ENABLE_NS_ASSERTIONS = NO;
				ENABLE_STRICT_OBJC_MSGSEND = YES;
				GCC_C_LANGUAGE_STANDARD = gnu11;
				GCC_NO_COMMON_BLOCKS = YES;
				GCC_WARN_64_TO_32_BIT_CONVERSION = YES;
				GCC_WARN_ABOUT_RETURN_TYPE = YES_ERROR;
				GCC_WARN_UNDECLARED_SELECTOR = YES;
				GCC_WARN_UNINITIALIZED_AUTOS = YES_AGGRESSIVE;
				GCC_WARN_UNUSED_FUNCTION = YES;
				GCC_WARN_UNUSED_VARIABLE = YES;
				IPHONEOS_DEPLOYMENT_TARGET = 15.4;
				MTL_ENABLE_DEBUG_INFO = NO;
				MTL_FAST_MATH = YES;
				SDKROOT = iphoneos;
				SWIFT_COMPILATION_MODE = wholemodule;
				SWIFT_OPTIMIZATION_LEVEL = "-O";
				VALIDATE_PRODUCT = YES;
			};
			name = Release;
		};
		C2F35CC228604C830036AD0D /* Debug */ = {
			isa = XCBuildConfiguration;
			buildSettings = {
				ASSETCATALOG_COMPILER_APPICON_NAME = AppIcon;
				ASSETCATALOG_COMPILER_GLOBAL_ACCENT_COLOR_NAME = AccentColor;
				CODE_SIGN_STYLE = Automatic;
				CURRENT_PROJECT_VERSION = 1;
				GENERATE_INFOPLIST_FILE = YES;
				INFOPLIST_FILE = ChessGame/Info.plist;
				INFOPLIST_KEY_UIApplicationSupportsIndirectInputEvents = YES;
				INFOPLIST_KEY_UILaunchStoryboardName = LaunchScreen;
				INFOPLIST_KEY_UIMainStoryboardFile = Main;
				INFOPLIST_KEY_UISupportedInterfaceOrientations_iPad = "UIInterfaceOrientationPortrait UIInterfaceOrientationPortraitUpsideDown UIInterfaceOrientationLandscapeLeft UIInterfaceOrientationLandscapeRight";
				INFOPLIST_KEY_UISupportedInterfaceOrientations_iPhone = "UIInterfaceOrientationPortrait UIInterfaceOrientationLandscapeLeft UIInterfaceOrientationLandscapeRight";
				LD_RUNPATH_SEARCH_PATHS = (
					"$(inherited)",
					"@executable_path/Frameworks",
				);
				MARKETING_VERSION = 1.0;
				PRODUCT_BUNDLE_IDENTIFIER = joel.inju.ChessGame;
				PRODUCT_NAME = "$(TARGET_NAME)";
				SWIFT_EMIT_LOC_STRINGS = YES;
				SWIFT_VERSION = 5.0;
				TARGETED_DEVICE_FAMILY = "1,2";
			};
			name = Debug;
		};
		C2F35CC328604C830036AD0D /* Release */ = {
			isa = XCBuildConfiguration;
			buildSettings = {
				ASSETCATALOG_COMPILER_APPICON_NAME = AppIcon;
				ASSETCATALOG_COMPILER_GLOBAL_ACCENT_COLOR_NAME = AccentColor;
				CODE_SIGN_STYLE = Automatic;
				CURRENT_PROJECT_VERSION = 1;
				GENERATE_INFOPLIST_FILE = YES;
				INFOPLIST_FILE = ChessGame/Info.plist;
				INFOPLIST_KEY_UIApplicationSupportsIndirectInputEvents = YES;
				INFOPLIST_KEY_UILaunchStoryboardName = LaunchScreen;
				INFOPLIST_KEY_UIMainStoryboardFile = Main;
				INFOPLIST_KEY_UISupportedInterfaceOrientations_iPad = "UIInterfaceOrientationPortrait UIInterfaceOrientationPortraitUpsideDown UIInterfaceOrientationLandscapeLeft UIInterfaceOrientationLandscapeRight";
				INFOPLIST_KEY_UISupportedInterfaceOrientations_iPhone = "UIInterfaceOrientationPortrait UIInterfaceOrientationLandscapeLeft UIInterfaceOrientationLandscapeRight";
				LD_RUNPATH_SEARCH_PATHS = (
					"$(inherited)",
					"@executable_path/Frameworks",
				);
				MARKETING_VERSION = 1.0;
				PRODUCT_BUNDLE_IDENTIFIER = joel.inju.ChessGame;
				PRODUCT_NAME = "$(TARGET_NAME)";
				SWIFT_EMIT_LOC_STRINGS = YES;
				SWIFT_VERSION = 5.0;
				TARGETED_DEVICE_FAMILY = "1,2";
			};
			name = Release;
		};
		C2F35CC528604C830036AD0D /* Debug */ = {
			isa = XCBuildConfiguration;
			buildSettings = {
				ALWAYS_EMBED_SWIFT_STANDARD_LIBRARIES = YES;
				BUNDLE_LOADER = "$(TEST_HOST)";
				CODE_SIGN_STYLE = Automatic;
				CURRENT_PROJECT_VERSION = 1;
				GENERATE_INFOPLIST_FILE = YES;
				IPHONEOS_DEPLOYMENT_TARGET = 15.4;
				MARKETING_VERSION = 1.0;
				PRODUCT_BUNDLE_IDENTIFIER = joel.inju.ChessGameTests;
				PRODUCT_NAME = "$(TARGET_NAME)";
				SWIFT_EMIT_LOC_STRINGS = NO;
				SWIFT_VERSION = 5.0;
				TARGETED_DEVICE_FAMILY = "1,2";
				TEST_HOST = "$(BUILT_PRODUCTS_DIR)/ChessGame.app/ChessGame";
			};
			name = Debug;
		};
		C2F35CC628604C830036AD0D /* Release */ = {
			isa = XCBuildConfiguration;
			buildSettings = {
				ALWAYS_EMBED_SWIFT_STANDARD_LIBRARIES = YES;
				BUNDLE_LOADER = "$(TEST_HOST)";
				CODE_SIGN_STYLE = Automatic;
				CURRENT_PROJECT_VERSION = 1;
				GENERATE_INFOPLIST_FILE = YES;
				IPHONEOS_DEPLOYMENT_TARGET = 15.4;
				MARKETING_VERSION = 1.0;
				PRODUCT_BUNDLE_IDENTIFIER = joel.inju.ChessGameTests;
				PRODUCT_NAME = "$(TARGET_NAME)";
				SWIFT_EMIT_LOC_STRINGS = NO;
				SWIFT_VERSION = 5.0;
				TARGETED_DEVICE_FAMILY = "1,2";
				TEST_HOST = "$(BUILT_PRODUCTS_DIR)/ChessGame.app/ChessGame";
			};
			name = Release;
		};
		C2F35CC828604C830036AD0D /* Debug */ = {
			isa = XCBuildConfiguration;
			buildSettings = {
				ALWAYS_EMBED_SWIFT_STANDARD_LIBRARIES = YES;
				CODE_SIGN_STYLE = Automatic;
				CURRENT_PROJECT_VERSION = 1;
				GENERATE_INFOPLIST_FILE = YES;
				MARKETING_VERSION = 1.0;
				PRODUCT_BUNDLE_IDENTIFIER = joel.inju.ChessGameUITests;
				PRODUCT_NAME = "$(TARGET_NAME)";
				SWIFT_EMIT_LOC_STRINGS = NO;
				SWIFT_VERSION = 5.0;
				TARGETED_DEVICE_FAMILY = "1,2";
				TEST_TARGET_NAME = ChessGame;
			};
			name = Debug;
		};
		C2F35CC928604C830036AD0D /* Release */ = {
			isa = XCBuildConfiguration;
			buildSettings = {
				ALWAYS_EMBED_SWIFT_STANDARD_LIBRARIES = YES;
				CODE_SIGN_STYLE = Automatic;
				CURRENT_PROJECT_VERSION = 1;
				GENERATE_INFOPLIST_FILE = YES;
				MARKETING_VERSION = 1.0;
				PRODUCT_BUNDLE_IDENTIFIER = joel.inju.ChessGameUITests;
				PRODUCT_NAME = "$(TARGET_NAME)";
				SWIFT_EMIT_LOC_STRINGS = NO;
				SWIFT_VERSION = 5.0;
				TARGETED_DEVICE_FAMILY = "1,2";
				TEST_TARGET_NAME = ChessGame;
			};
			name = Release;
		};
/* End XCBuildConfiguration section */

/* Begin XCConfigurationList section */
		C2F35C9228604C810036AD0D /* Build configuration list for PBXProject "ChessGame" */ = {
			isa = XCConfigurationList;
			buildConfigurations = (
				C2F35CBF28604C830036AD0D /* Debug */,
				C2F35CC028604C830036AD0D /* Release */,
			);
			defaultConfigurationIsVisible = 0;
			defaultConfigurationName = Release;
		};
		C2F35CC128604C830036AD0D /* Build configuration list for PBXNativeTarget "ChessGame" */ = {
			isa = XCConfigurationList;
			buildConfigurations = (
				C2F35CC228604C830036AD0D /* Debug */,
				C2F35CC328604C830036AD0D /* Release */,
			);
			defaultConfigurationIsVisible = 0;
			defaultConfigurationName = Release;
		};
		C2F35CC428604C830036AD0D /* Build configuration list for PBXNativeTarget "ChessGameTests" */ = {
			isa = XCConfigurationList;
			buildConfigurations = (
				C2F35CC528604C830036AD0D /* Debug */,
				C2F35CC628604C830036AD0D /* Release */,
			);
			defaultConfigurationIsVisible = 0;
			defaultConfigurationName = Release;
		};
		C2F35CC728604C830036AD0D /* Build configuration list for PBXNativeTarget "ChessGameUITests" */ = {
			isa = XCConfigurationList;
			buildConfigurations = (
				C2F35CC828604C830036AD0D /* Debug */,
				C2F35CC928604C830036AD0D /* Release */,
			);
			defaultConfigurationIsVisible = 0;
			defaultConfigurationName = Release;
		};
/* End XCConfigurationList section */
	};
	rootObject = C2F35C8F28604C810036AD0D /* Project object */;
}
